<?xml version="1.0" encoding="utf-8"?>
<Project ToolsVersion="4.0" xmlns="http://schemas.microsoft.com/developer/msbuild/2003">
  <ItemGroup>
    <Filter Include="Source Files">
      <UniqueIdentifier>{4FC737F1-C7A5-4376-A066-2A32D752A2FF}</UniqueIdentifier>
      <Extensions>cpp;c;cc;cxx;c++;cppm;ixx;def;odl;idl;hpj;bat;asm;asmx</Extensions>
    </Filter>
    <Filter Include="Header Files">
      <UniqueIdentifier>{93995380-89BD-4b04-88EB-625FBE52EBFB}</UniqueIdentifier>
      <Extensions>h;hh;hpp;hxx;h++;hm;inl;inc;ipp;xsd</Extensions>
    </Filter>
    <Filter Include="Resource Files">
      <UniqueIdentifier>{67DA6AB6-F800-4c08-8B7A-83BB121AAD01}</UniqueIdentifier>
      <Extensions>rc;ico;cur;bmp;dlg;rc2;rct;bin;rgs;gif;jpg;jpeg;jpe;resx;tiff;tif;png;wav;mfcribbon-ms</Extensions>
    </Filter>
    <Filter Include="Source Files\fundamental algorithms">
      <UniqueIdentifier>{2f33dddb-cee6-4a8b-b65b-7a8a9c5d5630}</UniqueIdentifier>
    </Filter>
    <Filter Include="Header Files\fundamental_algorithms">
      <UniqueIdentifier>{8eed5df9-d6c3-447a-b419-7cd6d84aacf8}</UniqueIdentifier>
    </Filter>
    <Filter Include="Header Files\leet_code">
      <UniqueIdentifier>{1110fc14-0562-4053-9bf7-869688ba4c66}</UniqueIdentifier>
    </Filter>
    <Filter Include="Source Files\leet_code">
      <UniqueIdentifier>{f9b65c59-2e87-4011-aa95-f04e4cff5382}</UniqueIdentifier>
    </Filter>
    <Filter Include="Source Files\core_concepts">
      <UniqueIdentifier>{19ce888b-0cd3-47f6-8fa6-35cb7be2dc4a}</UniqueIdentifier>
    </Filter>
    <Filter Include="Source Files\classes_and_objects">
      <UniqueIdentifier>{73356067-5c60-49b7-b74b-abc9ecc9ba96}</UniqueIdentifier>
    </Filter>
    <Filter Include="Source Files\memory_management">
      <UniqueIdentifier>{bd7fd02c-aeca-43b9-a751-45cfa7a5295a}</UniqueIdentifier>
    </Filter>
    <Filter Include="Source Files\stl">
      <UniqueIdentifier>{5440b511-5b26-48bb-a9f6-ab474f1889e0}</UniqueIdentifier>
    </Filter>
    <Filter Include="Source Files\intermediate_to_advanced_topics">
      <UniqueIdentifier>{5c82f3ea-3ee0-4d7e-ae76-086d22095dcc}</UniqueIdentifier>
    </Filter>
    <Filter Include="Source Files\modern_c++11">
      <UniqueIdentifier>{f6dd6a78-a285-418c-acba-58f67a09313c}</UniqueIdentifier>
    </Filter>
    <Filter Include="Source Files\multithreading_concurrency">
      <UniqueIdentifier>{7d06c53c-e3a6-4b52-a248-822fb9a6bd7b}</UniqueIdentifier>
    </Filter>
    <Filter Include="Source Files\file_i/o_serialization">
      <UniqueIdentifier>{64c003b1-edcb-41b1-a8bd-2f54f49021c9}</UniqueIdentifier>
    </Filter>
    <Filter Include="Source Files\design_patterns">
      <UniqueIdentifier>{8a8a0313-5f54-439e-9683-9b966ef4fef5}</UniqueIdentifier>
    </Filter>
    <Filter Include="Source Files\unit_testing">
      <UniqueIdentifier>{d283cb90-a334-4bd1-bdfa-834a65a8f4e2}</UniqueIdentifier>
    </Filter>
    <Filter Include="Header Files\core_concepts">
      <UniqueIdentifier>{5c047a42-1d81-477b-802f-32a093de2909}</UniqueIdentifier>
    </Filter>
    <Filter Include="Header Files\core_concepts\variables">
      <UniqueIdentifier>{74fa436f-fa7a-4c27-9e8a-e60ff156bdb2}</UniqueIdentifier>
    </Filter>
    <Filter Include="Source Files\core_concepts\variables">
      <UniqueIdentifier>{b12c6228-09af-4d22-b889-19ec30609ae7}</UniqueIdentifier>
    </Filter>
    <Filter Include="Source Files\trees">
      <UniqueIdentifier>{416088d8-3fb0-4170-8a2d-e6d79a785b6b}</UniqueIdentifier>
    </Filter>
    <Filter Include="Header Files\trees">
      <UniqueIdentifier>{a0a3981f-0279-4fdc-83b2-33f208547ad4}</UniqueIdentifier>
    </Filter>
    <Filter Include="Source Files\trees\balanced_trees">
      <UniqueIdentifier>{2380b412-e2ea-4795-ab45-67b6be405b5e}</UniqueIdentifier>
    </Filter>
    <Filter Include="Header Files\trees\balanced_trees">
      <UniqueIdentifier>{c383b46e-8897-419e-8370-41bfa4089924}</UniqueIdentifier>
    </Filter>
    <Filter Include="Source Files\C++Prime">
      <UniqueIdentifier>{f9e4b1e6-899d-4049-b9a1-ac954c07bec3}</UniqueIdentifier>
    </Filter>
    <Filter Include="Header Files\C++Prime">
      <UniqueIdentifier>{3534bf96-201c-4d70-8975-25066b92b842}</UniqueIdentifier>
    </Filter>
    <Filter Include="Header Files\C++Prime\chapter1">
      <UniqueIdentifier>{0b4e38f7-218c-4477-8583-8b0431e15465}</UniqueIdentifier>
    </Filter>
    <Filter Include="Source Files\C++Prime\chapter1">
      <UniqueIdentifier>{bb1ca445-45e1-4053-bb45-c8a8c42d3571}</UniqueIdentifier>
    </Filter>
    <Filter Include="Header Files\C++Prime\chapter2">
      <UniqueIdentifier>{6b2ff239-6f42-4307-b158-19c993f0ad3a}</UniqueIdentifier>
    </Filter>
    <Filter Include="Source Files\C++Prime\chapter2">
      <UniqueIdentifier>{69d8a887-7c98-401f-bda7-a3a0d31be4ac}</UniqueIdentifier>
    </Filter>
    <Filter Include="Header Files\multithreading_concurrency">
      <UniqueIdentifier>{2c3df382-ee31-4334-b092-66e67fd297b4}</UniqueIdentifier>
    </Filter>
    <Filter Include="Header Files\lambda">
      <UniqueIdentifier>{bba2d92a-57c7-4e8f-964c-400efd390773}</UniqueIdentifier>
    </Filter>
    <Filter Include="Source Files\lambda">
      <UniqueIdentifier>{c45b9ff2-74ec-4931-9211-0ca88b911eae}</UniqueIdentifier>
    </Filter>
    <Filter Include="Header Files\C++Prime\chapter3">
      <UniqueIdentifier>{a632adad-b5f2-40be-b704-813e0b035236}</UniqueIdentifier>
    </Filter>
    <Filter Include="Source Files\C++Prime\chapter3">
      <UniqueIdentifier>{c7f8ef55-e7f5-4849-acbf-8ec27318f32f}</UniqueIdentifier>
    </Filter>
    <Filter Include="Source Files\C++Reference">
      <UniqueIdentifier>{06755199-ce35-4ad6-abe3-499f488c9af8}</UniqueIdentifier>
    </Filter>
  </ItemGroup>
  <ItemGroup>
    <ClCompile Include="linked_list.cpp">
      <Filter>Source Files\fundamental algorithms</Filter>
    </ClCompile>
    <ClCompile Include="merge_ranges.cpp">
      <Filter>Source Files\fundamental algorithms</Filter>
    </ClCompile>
    <ClCompile Include="plus_one.cpp">
      <Filter>Source Files\leet_code</Filter>
    </ClCompile>
    <ClCompile Include="pascal_triangle.cpp">
      <Filter>Source Files\leet_code</Filter>
    </ClCompile>
    <ClCompile Include="copy_by_value_vs_copy_by_reference.cpp">
      <Filter>Source Files\core_concepts</Filter>
    </ClCompile>
    <ClCompile Include="passing_arrays_to_functions.cpp">
      <Filter>Source Files\core_concepts</Filter>
    </ClCompile>
    <ClCompile Include="prefix_sum.cpp">
      <Filter>Source Files\core_concepts</Filter>
    </ClCompile>
    <ClCompile Include="value_switch.cpp">
      <Filter>Source Files\core_concepts</Filter>
    </ClCompile>
    <ClCompile Include="add_two_numbers_from_linked_lists.cpp">
      <Filter>Source Files\leet_code</Filter>
    </ClCompile>
    <ClCompile Include="CppTutorial-May2025.cpp">
      <Filter>Source Files</Filter>
    </ClCompile>
    <ClCompile Include="same_tree.cpp">
      <Filter>Source Files\leet_code</Filter>
    </ClCompile>
    <ClCompile Include="sample_loader.cpp">
      <Filter>Source Files</Filter>
    </ClCompile>
    <ClCompile Include="variables.cpp">
      <Filter>Source Files\core_concepts\variables</Filter>
    </ClCompile>
    <ClCompile Include="simple_tree.cpp">
      <Filter>Source Files\trees</Filter>
    </ClCompile>
    <ClCompile Include="node_structures.h">
      <Filter>Header Files</Filter>
    </ClCompile>
    <ClCompile Include="binary_search_tree.cpp">
      <Filter>Source Files\trees</Filter>
    </ClCompile>
    <ClCompile Include="avl_tree.cpp">
      <Filter>Source Files\trees\balanced_trees</Filter>
    </ClCompile>
    <ClCompile Include="basic_sale_items_ops.cpp">
      <Filter>Source Files\C++Prime\chapter1</Filter>
    </ClCompile>
    <ClCompile Include="simple_thread.cpp">
      <Filter>Source Files\multithreading_concurrency</Filter>
    </ClCompile>
    <ClCompile Include="for_ex.cpp">
      <Filter>Source Files\C++Prime\chapter1</Filter>
    </ClCompile>
    <ClCompile Include="compound_declaration.cpp">
      <Filter>Source Files\C++Prime\chapter2</Filter>
    </ClCompile>
    <ClCompile Include="test_some1.cpp">
      <Filter>Source Files\core_concepts</Filter>
    </ClCompile>
    <ClCompile Include="vector_grades.cpp">
      <Filter>Source Files\C++Prime\chapter3</Filter>
    </ClCompile>
    <ClCompile Include="conversions.cpp">
      <Filter>Source Files\C++Prime\chapter2</Filter>
    </ClCompile>
    <ClCompile Include="double_pointer.cpp">
      <Filter>Source Files\C++Prime\chapter2</Filter>
    </ClCompile>
    <ClCompile Include="declarations.cpp">
      <Filter>Source Files\C++Prime\chapter2</Filter>
    </ClCompile>
    <ClCompile Include="ctype.cpp">
      <Filter>Source Files\C++Prime\chapter3</Filter>
    </ClCompile>
    <ClCompile Include="char_replacement.cpp">
      <Filter>Source Files\C++Prime\chapter3</Filter>
    </ClCompile>
    <ClCompile Include="multi_dim.cpp">
      <Filter>Source Files\C++Prime\chapter3</Filter>
    </ClCompile>
    <ClCompile Include="pointer_traversal.cpp">
      <Filter>Source Files\C++Prime\chapter3</Filter>
    </ClCompile>
    <ClCompile Include="sq.cpp">
      <Filter>Source Files\C++Prime\chapter3</Filter>
    </ClCompile>
  </ItemGroup>
  <ItemGroup>
    <ClInclude Include="linked_list.h">
      <Filter>Header Files\fundamental_algorithms</Filter>
    </ClInclude>
    <ClInclude Include="merge_ranges.h">
      <Filter>Header Files\fundamental_algorithms</Filter>
    </ClInclude>
    <ClInclude Include="plus_one.h">
      <Filter>Header Files\leet_code</Filter>
    </ClInclude>
    <ClInclude Include="pascal_triangle.h">
      <Filter>Header Files\leet_code</Filter>
    </ClInclude>
    <ClInclude Include="copy_by_value_vs_copy_by_reference.h">
      <Filter>Header Files\core_concepts</Filter>
    </ClInclude>
    <ClInclude Include="passing_arrays_to_functions.h">
      <Filter>Header Files\core_concepts</Filter>
    </ClInclude>
    <ClInclude Include="value_switch.h">
      <Filter>Header Files\core_concepts</Filter>
    </ClInclude>
    <ClInclude Include="add_two_numbers_from_linked_lists.h">
      <Filter>Header Files\leet_code</Filter>
    </ClInclude>
    <ClInclude Include="same_tree.h">
      <Filter>Header Files\leet_code</Filter>
    </ClInclude>
    <ClInclude Include="variables.h">
      <Filter>Header Files\core_concepts\variables</Filter>
    </ClInclude>
    <ClInclude Include="sample_loader.h">
      <Filter>Header Files</Filter>
    </ClInclude>
    <ClInclude Include="simple_tree.h">
      <Filter>Header Files\trees</Filter>
    </ClInclude>
    <ClInclude Include="binary_search_tree.h">
      <Filter>Header Files\trees</Filter>
    </ClInclude>
    <ClInclude Include="avl_tree.h">
      <Filter>Header Files\trees\balanced_trees</Filter>
    </ClInclude>
    <ClInclude Include="Sales_item.h">
      <Filter>Header Files\C++Prime</Filter>
    </ClInclude>
    <ClInclude Include="basic_sale_item_ops.h">
      <Filter>Header Files\C++Prime\chapter1</Filter>
    </ClInclude>
    <ClInclude Include="simple_thread.h">
      <Filter>Header Files\multithreading_concurrency</Filter>
    </ClInclude>
    <ClInclude Include="for_ex.h">
      <Filter>Header Files\C++Prime\chapter1</Filter>
    </ClInclude>
    <ClInclude Include="compound_declaration.h">
      <Filter>Header Files\C++Prime\chapter2</Filter>
    </ClInclude>
    <ClInclude Include="conversions.h">
      <Filter>Header Files</Filter>
    </ClInclude>
    <ClInclude Include="declarations.h">
      <Filter>Header Files</Filter>
    </ClInclude>
    <ClInclude Include="double_pointer.h">
      <Filter>Header Files</Filter>
    </ClInclude>
    <ClInclude Include="sample_loader_includes.h">
      <Filter>Header Files</Filter>
    </ClInclude>
  </ItemGroup>
  <ItemGroup>
    <Text Include="topics_to_study.txt" />
  </ItemGroup>
</Project>